
Microsoft Visual Studio Solution File, Format Version 12.00
# Visual Studio Version 17
VisualStudioVersion = 17.8.34511.84
MinimumVisualStudioVersion = 10.0.40219.1
Project("{FAE04EC0-301F-11D3-BF4B-00C04F79EFBC}") = "Mission10.1.1", "Mission10.1.1.csproj", "{0A97CA5A-053F-4DF8-AAEB-D9EDDB60CE3C}"
EndProject
Global
	GlobalSection(SolutionConfigurationPlatforms) = preSolution
		Debug|Any CPU = Debug|Any CPU
		Release|Any CPU = Release|Any CPU
	EndGlobalSection
	GlobalSection(ProjectConfigurationPlatforms) = postSolution
		{0A97CA5A-053F-4DF8-AAEB-D9EDDB60CE3C}.Debug|Any CPU.ActiveCfg = Debug|Any CPU
		{0A97CA5A-053F-4DF8-AAEB-D9EDDB60CE3C}.Debug|Any CPU.Build.0 = Debug|Any CPU
		{0A97CA5A-053F-4DF8-AAEB-D9EDDB60CE3C}.Release|Any CPU.ActiveCfg = Release|Any CPU
		{0A97CA5A-053F-4DF8-AAEB-D9EDDB60CE3C}.Release|Any CPU.Build.0 = Release|Any CPU
	EndGlobalSection
	GlobalSection(SolutionProperties) = preSolution
		HideSolutionNode = FALSE
	EndGlobalSection
	GlobalSection(ExtensibilityGlobals) = postSolution
		SolutionGuid = {DAAAD3DC-0AFD-4341-8502-D3FCE9FA0852}
	EndGlobalSection
EndGlobal
